
Microsoft Visual Studio Solution File, Format Version 12.00
# Visual Studio Version 16
VisualStudioVersion = 16.0.29911.84
MinimumVisualStudioVersion = 10.0.40219.1
Project("{FAE04EC0-301F-11D3-BF4B-00C04F79EFBC}") = "UI.Desktop", "UI.Desktop\UI.Desktop.csproj", "{7E6D9D56-2549-4E23-917C-9884190DC566}"
EndProject
Project("{FAE04EC0-301F-11D3-BF4B-00C04F79EFBC}") = "Business.Logic", "Business.Logic\Business.Logic.csproj", "{0F3228AF-5492-4AEF-B4A1-B97F75015D4B}"
EndProject
Project("{FAE04EC0-301F-11D3-BF4B-00C04F79EFBC}") = "Util", "Util\Util.csproj", "{A9124B78-12E3-4549-B388-368D68D393DB}"
EndProject
Project("{FAE04EC0-301F-11D3-BF4B-00C04F79EFBC}") = "Business.Entities", "Business.Entities\Business.Entities.csproj", "{562C87AA-AFC3-4D1B-B3FD-58E2386EF914}"
EndProject
Project("{FAE04EC0-301F-11D3-BF4B-00C04F79EFBC}") = "Data.Database", "Data.Database\Data.Database.csproj", "{18D1C50F-58E0-4D94-B05B-4A95A146E6BB}"
EndProject
Project("{FAE04EC0-301F-11D3-BF4B-00C04F79EFBC}") = "UI.Web", "UI.Web\UI.Web.csproj", "{D902B4C1-7B44-486D-B851-694188242D96}"
EndProject
Global
	GlobalSection(SolutionConfigurationPlatforms) = preSolution
		Debug|Any CPU = Debug|Any CPU
		Release|Any CPU = Release|Any CPU
	EndGlobalSection
	GlobalSection(ProjectConfigurationPlatforms) = postSolution
		{7E6D9D56-2549-4E23-917C-9884190DC566}.Debug|Any CPU.ActiveCfg = Debug|Any CPU
		{7E6D9D56-2549-4E23-917C-9884190DC566}.Debug|Any CPU.Build.0 = Debug|Any CPU
		{7E6D9D56-2549-4E23-917C-9884190DC566}.Release|Any CPU.ActiveCfg = Release|Any CPU
		{7E6D9D56-2549-4E23-917C-9884190DC566}.Release|Any CPU.Build.0 = Release|Any CPU
		{0F3228AF-5492-4AEF-B4A1-B97F75015D4B}.Debug|Any CPU.ActiveCfg = Debug|Any CPU
		{0F3228AF-5492-4AEF-B4A1-B97F75015D4B}.Debug|Any CPU.Build.0 = Debug|Any CPU
		{0F3228AF-5492-4AEF-B4A1-B97F75015D4B}.Release|Any CPU.ActiveCfg = Release|Any CPU
		{0F3228AF-5492-4AEF-B4A1-B97F75015D4B}.Release|Any CPU.Build.0 = Release|Any CPU
		{A9124B78-12E3-4549-B388-368D68D393DB}.Debug|Any CPU.ActiveCfg = Debug|Any CPU
		{A9124B78-12E3-4549-B388-368D68D393DB}.Debug|Any CPU.Build.0 = Debug|Any CPU
		{A9124B78-12E3-4549-B388-368D68D393DB}.Release|Any CPU.ActiveCfg = Release|Any CPU
		{A9124B78-12E3-4549-B388-368D68D393DB}.Release|Any CPU.Build.0 = Release|Any CPU
		{562C87AA-AFC3-4D1B-B3FD-58E2386EF914}.Debug|Any CPU.ActiveCfg = Debug|Any CPU
		{562C87AA-AFC3-4D1B-B3FD-58E2386EF914}.Debug|Any CPU.Build.0 = Debug|Any CPU
		{562C87AA-AFC3-4D1B-B3FD-58E2386EF914}.Release|Any CPU.ActiveCfg = Release|Any CPU
		{562C87AA-AFC3-4D1B-B3FD-58E2386EF914}.Release|Any CPU.Build.0 = Release|Any CPU
		{18D1C50F-58E0-4D94-B05B-4A95A146E6BB}.Debug|Any CPU.ActiveCfg = Debug|Any CPU
		{18D1C50F-58E0-4D94-B05B-4A95A146E6BB}.Debug|Any CPU.Build.0 = Debug|Any CPU
		{18D1C50F-58E0-4D94-B05B-4A95A146E6BB}.Release|Any CPU.ActiveCfg = Release|Any CPU
		{18D1C50F-58E0-4D94-B05B-4A95A146E6BB}.Release|Any CPU.Build.0 = Release|Any CPU
		{D902B4C1-7B44-486D-B851-694188242D96}.Debug|Any CPU.ActiveCfg = Debug|Any CPU
		{D902B4C1-7B44-486D-B851-694188242D96}.Debug|Any CPU.Build.0 = Debug|Any CPU
		{D902B4C1-7B44-486D-B851-694188242D96}.Release|Any CPU.ActiveCfg = Release|Any CPU
		{D902B4C1-7B44-486D-B851-694188242D96}.Release|Any CPU.Build.0 = Release|Any CPU
	EndGlobalSection
	GlobalSection(SolutionProperties) = preSolution
		HideSolutionNode = FALSE
	EndGlobalSection
	GlobalSection(ExtensibilityGlobals) = postSolution
		SolutionGuid = {FBEF70E0-65C5-4953-B2EF-468856DBA110}
	EndGlobalSection
EndGlobal
